{
  "name": "react-ipfs-components",
  "version": "0.1.1",
  "lockfileVersion": 2,
  "requires": true,
  "packages": {
    "": {
      "name": "react-ipfs-components",
      "version": "0.1.1",
      "license": "MIT",
      "dependencies": {
        "ipfs-public-fetcher": "^0.1.3",
        "react": "^18.2.0"
      }
    },
    "node_modules/@chainsafe/is-ip": {
      "version": "2.0.1",
      "resolved": "https://registry.npmjs.org/@chainsafe/is-ip/-/is-ip-2.0.1.tgz",
      "integrity": "sha512-nqSJ8u2a1Rv9FYbyI8qpDhTYujaKEyLknNrTejLYoSWmdeg+2WB7R6BZqPZYfrJzDxVi3rl6ZQuoaEvpKRZWgQ=="
    },
    "node_modules/@multiformats/mafmt": {
      "version": "11.0.3",
      "resolved": "https://registry.npmjs.org/@multiformats/mafmt/-/mafmt-11.0.3.tgz",
      "integrity": "sha512-DvCQeZJgaC4kE3BLqMuW3gQkNAW14Z7I+yMt30Ze+wkfHkWSp+bICcHGihhtgfzYCumHA/vHlJ9n54mrCcmnvQ==",
      "dependencies": {
        "@multiformats/multiaddr": "^11.0.0"
      },
      "engines": {
        "node": ">=16.0.0",
        "npm": ">=7.0.0"
      }
    },
    "node_modules/@multiformats/multiaddr": {
      "version": "11.1.4",
      "resolved": "https://registry.npmjs.org/@multiformats/multiaddr/-/multiaddr-11.1.4.tgz",
      "integrity": "sha512-eaFX7Pp5DNVoSk5xlWbmKwHmo1+ab90VT0xzWSocoXj9IkShx+lYm7Zo4tmfX8RnwTNGzBSZqY5G4jmqvYFoPg==",
      "dependencies": {
        "@chainsafe/is-ip": "^2.0.1",
        "dns-over-http-resolver": "^2.1.0",
        "err-code": "^3.0.1",
        "multiformats": "^10.0.0",
        "uint8arrays": "^4.0.2",
        "varint": "^6.0.0"
      },
      "engines": {
        "node": ">=16.0.0",
        "npm": ">=7.0.0"
      }
    },
    "node_modules/busboy": {
      "version": "1.6.0",
      "resolved": "https://registry.npmjs.org/busboy/-/busboy-1.6.0.tgz",
      "integrity": "sha512-8SFQbg/0hQ9xy3UNTB0YEnsNBbWfhf7RtnzpL7TkBiTBRfrQ9Fxcnz7VJsleJpyp6rVLvXiuORqjlHi5q+PYuA==",
      "dependencies": {
        "streamsearch": "^1.1.0"
      },
      "engines": {
        "node": ">=10.16.0"
      }
    },
    "node_modules/debug": {
      "version": "4.3.4",
      "resolved": "https://registry.npmjs.org/debug/-/debug-4.3.4.tgz",
      "integrity": "sha512-PRWFHuSU3eDtQJPvnNY7Jcket1j0t5OuOsFzPPzsekD52Zl8qUfFIPEiswXqIvHWGVHOgX+7G/vCNNhehwxfkQ==",
      "dependencies": {
        "ms": "2.1.2"
      },
      "engines": {
        "node": ">=6.0"
      },
      "peerDependenciesMeta": {
        "supports-color": {
          "optional": true
        }
      }
    },
    "node_modules/dns-over-http-resolver": {
      "version": "2.1.1",
      "resolved": "https://registry.npmjs.org/dns-over-http-resolver/-/dns-over-http-resolver-2.1.1.tgz",
      "integrity": "sha512-Lm/eXB7yAQLJ5WxlBGwYfBY7utduXPZykcSmcG6K7ozM0wrZFvxZavhT6PqI0kd/5CUTfev/RrEFQqyU4CGPew==",
      "dependencies": {
        "debug": "^4.3.1",
        "native-fetch": "^4.0.2",
        "receptacle": "^1.3.2",
        "undici": "^5.12.0"
      },
      "engines": {
        "node": ">=16.0.0",
        "npm": ">=7.0.0"
      }
    },
    "node_modules/err-code": {
      "version": "3.0.1",
      "resolved": "https://registry.npmjs.org/err-code/-/err-code-3.0.1.tgz",
      "integrity": "sha512-GiaH0KJUewYok+eeY05IIgjtAe4Yltygk9Wqp1V5yVWLdhf0hYZchRjNIT9bb0mSwRcIusT3cx7PJUf3zEIfUA=="
    },
    "node_modules/ipfs-public-fetcher": {
      "version": "0.1.3",
      "resolved": "https://registry.npmjs.org/ipfs-public-fetcher/-/ipfs-public-fetcher-0.1.3.tgz",
      "integrity": "sha512-73Kdq2iNu6IMzZu9WUvRcuGGiaR0c7MhL1aJDz71pFTwuRT7kIIr6IRRQ2Xgi42EpDX62JT4F0bLu0ZrUXbrZQ==",
      "dependencies": {
        "is-ipfs": "^7.0.2"
      }
    },
    "node_modules/is-ipfs": {
      "version": "7.0.3",
      "resolved": "https://registry.npmjs.org/is-ipfs/-/is-ipfs-7.0.3.tgz",
      "integrity": "sha512-IwjmN5DYrWQgk75dPX9WOFDbGpStJg6SLMLXXlxwpI3/SnwAIz3PwrdnxB+s2k+RjOTn9ueFIbGWxF2VMUYmLQ==",
      "dependencies": {
        "@multiformats/mafmt": "^11.0.3",
        "@multiformats/multiaddr": "^11.0.0",
        "iso-url": "^1.1.3",
        "multiformats": "^10.0.1",
        "uint8arrays": "^4.0.2"
      },
      "engines": {
        "node": ">=16.0.0",
        "npm": ">=7.0.0"
      }
    },
    "node_modules/iso-url": {
      "version": "1.2.1",
      "resolved": "https://registry.npmjs.org/iso-url/-/iso-url-1.2.1.tgz",
      "integrity": "sha512-9JPDgCN4B7QPkLtYAAOrEuAWvP9rWvR5offAr0/SeF046wIkglqH3VXgYYP6NcsKslH80UIVgmPqNe3j7tG2ng==",
      "engines": {
        "node": ">=12"
      }
    },
    "node_modules/js-tokens": {
      "version": "4.0.0",
      "resolved": "https://registry.npmjs.org/js-tokens/-/js-tokens-4.0.0.tgz",
      "integrity": "sha512-RdJUflcE3cUzKiMqQgsCu06FPu9UdIJO0beYbPhHN4k6apgJtifcoCtT9bcxOpYBtpD2kCM6Sbzg4CausW/PKQ=="
    },
    "node_modules/loose-envify": {
      "version": "1.4.0",
      "resolved": "https://registry.npmjs.org/loose-envify/-/loose-envify-1.4.0.tgz",
      "integrity": "sha512-lyuxPGr/Wfhrlem2CL/UcnUc1zcqKAImBDzukY7Y5F/yQiNdko6+fRLevlw1HgMySw7f611UIY408EtxRSoK3Q==",
      "dependencies": {
        "js-tokens": "^3.0.0 || ^4.0.0"
      },
      "bin": {
        "loose-envify": "cli.js"
      }
    },
    "node_modules/ms": {
      "version": "2.1.2",
      "resolved": "https://registry.npmjs.org/ms/-/ms-2.1.2.tgz",
      "integrity": "sha512-sGkPx+VjMtmA6MX27oA4FBFELFCZZ4S4XqeGOXCv68tT+jb3vk/RyaKWP0PTKyWtmLSM0b+adUTEvbs1PEaH2w=="
    },
    "node_modules/multiformats": {
      "version": "10.0.3",
      "resolved": "https://registry.npmjs.org/multiformats/-/multiformats-10.0.3.tgz",
      "integrity": "sha512-K2yGSmstS/oEmYiEIieHb53jJCaqp4ERPDQAYrm5sV3UUrVDZeshJQCK6GHAKyIGufU1vAcbS0PdAAZmC7Tzcw==",
      "engines": {
        "node": ">=16.0.0",
        "npm": ">=7.0.0"
      }
    },
    "node_modules/native-fetch": {
      "version": "4.0.2",
      "resolved": "https://registry.npmjs.org/native-fetch/-/native-fetch-4.0.2.tgz",
      "integrity": "sha512-4QcVlKFtv2EYVS5MBgsGX5+NWKtbDbIECdUXDBGDMAZXq3Jkv9zf+y8iS7Ub8fEdga3GpYeazp9gauNqXHJOCg==",
      "peerDependencies": {
        "undici": "*"
      }
    },
    "node_modules/react": {
      "version": "18.2.0",
      "resolved": "https://registry.npmjs.org/react/-/react-18.2.0.tgz",
      "integrity": "sha512-/3IjMdb2L9QbBdWiW5e3P2/npwMBaU9mHCSCUzNln0ZCYbcfTsGbTJrU/kGemdH2IWmB2ioZ+zkxtmq6g09fGQ==",
      "dependencies": {
        "loose-envify": "^1.1.0"
      },
      "engines": {
        "node": ">=0.10.0"
      }
    },
    "node_modules/receptacle": {
      "version": "1.3.2",
      "resolved": "https://registry.npmjs.org/receptacle/-/receptacle-1.3.2.tgz",
      "integrity": "sha512-HrsFvqZZheusncQRiEE7GatOAETrARKV/lnfYicIm8lbvp/JQOdADOfhjBd2DajvoszEyxSM6RlAAIZgEoeu/A==",
      "dependencies": {
        "ms": "^2.1.1"
      }
    },
    "node_modules/streamsearch": {
      "version": "1.1.0",
      "resolved": "https://registry.npmjs.org/streamsearch/-/streamsearch-1.1.0.tgz",
      "integrity": "sha512-Mcc5wHehp9aXz1ax6bZUyY5afg9u2rv5cqQI3mRrYkGC8rW2hM02jWuwjtL++LS5qinSyhj2QfLyNsuc+VsExg==",
      "engines": {
        "node": ">=10.0.0"
      }
    },
    "node_modules/uint8arrays": {
      "version": "4.0.2",
      "resolved": "https://registry.npmjs.org/uint8arrays/-/uint8arrays-4.0.2.tgz",
      "integrity": "sha512-8CWXXZdOvVrIL4SeY/Gnp+idxxiGK4XFkP4FY26Sx/fpTz/b6vv4BVWELMDzQweSyyhdcuAcU14H6izzB6k1Cw==",
      "dependencies": {
        "multiformats": "^10.0.0"
      },
      "engines": {
        "node": ">=16.0.0",
        "npm": ">=7.0.0"
      }
    },
    "node_modules/undici": {
      "version": "5.14.0",
      "resolved": "https://registry.npmjs.org/undici/-/undici-5.14.0.tgz",
      "integrity": "sha512-yJlHYw6yXPPsuOH0x2Ib1Km61vu4hLiRRQoafs+WUgX1vO64vgnxiCEN9dpIrhZyHFsai3F0AEj4P9zy19enEQ==",
      "dependencies": {
        "busboy": "^1.6.0"
      },
      "engines": {
        "node": ">=12.18"
      }
    },
    "node_modules/varint": {
      "version": "6.0.0",
      "resolved": "https://registry.npmjs.org/varint/-/varint-6.0.0.tgz",
      "integrity": "sha512-cXEIW6cfr15lFv563k4GuVuW/fiwjknytD37jIOLSdSWuOI6WnO/oKwmP2FQTU2l01LP8/M5TSAJpzUaGe3uWg=="
    }
  },
  "dependencies": {
    "@chainsafe/is-ip": {
      "version": "2.0.1",
      "resolved": "https://registry.npmjs.org/@chainsafe/is-ip/-/is-ip-2.0.1.tgz",
      "integrity": "sha512-nqSJ8u2a1Rv9FYbyI8qpDhTYujaKEyLknNrTejLYoSWmdeg+2WB7R6BZqPZYfrJzDxVi3rl6ZQuoaEvpKRZWgQ=="
    },
    "@multiformats/mafmt": {
      "version": "11.0.3",
      "resolved": "https://registry.npmjs.org/@multiformats/mafmt/-/mafmt-11.0.3.tgz",
      "integrity": "sha512-DvCQeZJgaC4kE3BLqMuW3gQkNAW14Z7I+yMt30Ze+wkfHkWSp+bICcHGihhtgfzYCumHA/vHlJ9n54mrCcmnvQ==",
      "requires": {
        "@multiformats/multiaddr": "^11.0.0"
      }
    },
    "@multiformats/multiaddr": {
      "version": "11.1.4",
      "resolved": "https://registry.npmjs.org/@multiformats/multiaddr/-/multiaddr-11.1.4.tgz",
      "integrity": "sha512-eaFX7Pp5DNVoSk5xlWbmKwHmo1+ab90VT0xzWSocoXj9IkShx+lYm7Zo4tmfX8RnwTNGzBSZqY5G4jmqvYFoPg==",
      "requires": {
        "@chainsafe/is-ip": "^2.0.1",
        "dns-over-http-resolver": "^2.1.0",
        "err-code": "^3.0.1",
        "multiformats": "^10.0.0",
        "uint8arrays": "^4.0.2",
        "varint": "^6.0.0"
      }
    },
    "busboy": {
      "version": "1.6.0",
      "resolved": "https://registry.npmjs.org/busboy/-/busboy-1.6.0.tgz",
      "integrity": "sha512-8SFQbg/0hQ9xy3UNTB0YEnsNBbWfhf7RtnzpL7TkBiTBRfrQ9Fxcnz7VJsleJpyp6rVLvXiuORqjlHi5q+PYuA==",
      "requires": {
        "streamsearch": "^1.1.0"
      }
    },
    "debug": {
      "version": "4.3.4",
      "resolved": "https://registry.npmjs.org/debug/-/debug-4.3.4.tgz",
      "integrity": "sha512-PRWFHuSU3eDtQJPvnNY7Jcket1j0t5OuOsFzPPzsekD52Zl8qUfFIPEiswXqIvHWGVHOgX+7G/vCNNhehwxfkQ==",
      "requires": {
        "ms": "2.1.2"
      }
    },
    "dns-over-http-resolver": {
      "version": "2.1.1",
      "resolved": "https://registry.npmjs.org/dns-over-http-resolver/-/dns-over-http-resolver-2.1.1.tgz",
      "integrity": "sha512-Lm/eXB7yAQLJ5WxlBGwYfBY7utduXPZykcSmcG6K7ozM0wrZFvxZavhT6PqI0kd/5CUTfev/RrEFQqyU4CGPew==",
      "requires": {
        "debug": "^4.3.1",
        "native-fetch": "^4.0.2",
        "receptacle": "^1.3.2",
        "undici": "^5.12.0"
      }
    },
    "err-code": {
      "version": "3.0.1",
      "resolved": "https://registry.npmjs.org/err-code/-/err-code-3.0.1.tgz",
      "integrity": "sha512-GiaH0KJUewYok+eeY05IIgjtAe4Yltygk9Wqp1V5yVWLdhf0hYZchRjNIT9bb0mSwRcIusT3cx7PJUf3zEIfUA=="
    },
    "ipfs-public-fetcher": {
      "version": "0.1.3",
      "resolved": "https://registry.npmjs.org/ipfs-public-fetcher/-/ipfs-public-fetcher-0.1.3.tgz",
      "integrity": "sha512-73Kdq2iNu6IMzZu9WUvRcuGGiaR0c7MhL1aJDz71pFTwuRT7kIIr6IRRQ2Xgi42EpDX62JT4F0bLu0ZrUXbrZQ==",
      "requires": {
        "is-ipfs": "^7.0.2"
      }
    },
    "is-ipfs": {
      "version": "7.0.3",
      "resolved": "https://registry.npmjs.org/is-ipfs/-/is-ipfs-7.0.3.tgz",
      "integrity": "sha512-IwjmN5DYrWQgk75dPX9WOFDbGpStJg6SLMLXXlxwpI3/SnwAIz3PwrdnxB+s2k+RjOTn9ueFIbGWxF2VMUYmLQ==",
      "requires": {
        "@multiformats/mafmt": "^11.0.3",
        "@multiformats/multiaddr": "^11.0.0",
        "iso-url": "^1.1.3",
        "multiformats": "^10.0.1",
        "uint8arrays": "^4.0.2"
      }
    },
    "iso-url": {
      "version": "1.2.1",
      "resolved": "https://registry.npmjs.org/iso-url/-/iso-url-1.2.1.tgz",
      "integrity": "sha512-9JPDgCN4B7QPkLtYAAOrEuAWvP9rWvR5offAr0/SeF046wIkglqH3VXgYYP6NcsKslH80UIVgmPqNe3j7tG2ng=="
    },
    "js-tokens": {
      "version": "4.0.0",
      "resolved": "https://registry.npmjs.org/js-tokens/-/js-tokens-4.0.0.tgz",
      "integrity": "sha512-RdJUflcE3cUzKiMqQgsCu06FPu9UdIJO0beYbPhHN4k6apgJtifcoCtT9bcxOpYBtpD2kCM6Sbzg4CausW/PKQ=="
    },
    "loose-envify": {
      "version": "1.4.0",
      "resolved": "https://registry.npmjs.org/loose-envify/-/loose-envify-1.4.0.tgz",
      "integrity": "sha512-lyuxPGr/Wfhrlem2CL/UcnUc1zcqKAImBDzukY7Y5F/yQiNdko6+fRLevlw1HgMySw7f611UIY408EtxRSoK3Q==",
      "requires": {
        "js-tokens": "^3.0.0 || ^4.0.0"
      }
    },
    "ms": {
      "version": "2.1.2",
      "resolved": "https://registry.npmjs.org/ms/-/ms-2.1.2.tgz",
      "integrity": "sha512-sGkPx+VjMtmA6MX27oA4FBFELFCZZ4S4XqeGOXCv68tT+jb3vk/RyaKWP0PTKyWtmLSM0b+adUTEvbs1PEaH2w=="
    },
    "multiformats": {
      "version": "10.0.3",
      "resolved": "https://registry.npmjs.org/multiformats/-/multiformats-10.0.3.tgz",
      "integrity": "sha512-K2yGSmstS/oEmYiEIieHb53jJCaqp4ERPDQAYrm5sV3UUrVDZeshJQCK6GHAKyIGufU1vAcbS0PdAAZmC7Tzcw=="
    },
    "native-fetch": {
      "version": "4.0.2",
      "resolved": "https://registry.npmjs.org/native-fetch/-/native-fetch-4.0.2.tgz",
      "integrity": "sha512-4QcVlKFtv2EYVS5MBgsGX5+NWKtbDbIECdUXDBGDMAZXq3Jkv9zf+y8iS7Ub8fEdga3GpYeazp9gauNqXHJOCg==",
      "requires": {}
    },
    "react": {
      "version": "18.2.0",
      "resolved": "https://registry.npmjs.org/react/-/react-18.2.0.tgz",
      "integrity": "sha512-/3IjMdb2L9QbBdWiW5e3P2/npwMBaU9mHCSCUzNln0ZCYbcfTsGbTJrU/kGemdH2IWmB2ioZ+zkxtmq6g09fGQ==",
      "requires": {
        "loose-envify": "^1.1.0"
      }
    },
    "receptacle": {
      "version": "1.3.2",
      "resolved": "https://registry.npmjs.org/receptacle/-/receptacle-1.3.2.tgz",
      "integrity": "sha512-HrsFvqZZheusncQRiEE7GatOAETrARKV/lnfYicIm8lbvp/JQOdADOfhjBd2DajvoszEyxSM6RlAAIZgEoeu/A==",
      "requires": {
        "ms": "^2.1.1"
      }
    },
    "streamsearch": {
      "version": "1.1.0",
      "resolved": "https://registry.npmjs.org/streamsearch/-/streamsearch-1.1.0.tgz",
      "integrity": "sha512-Mcc5wHehp9aXz1ax6bZUyY5afg9u2rv5cqQI3mRrYkGC8rW2hM02jWuwjtL++LS5qinSyhj2QfLyNsuc+VsExg=="
    },
    "uint8arrays": {
      "version": "4.0.2",
      "resolved": "https://registry.npmjs.org/uint8arrays/-/uint8arrays-4.0.2.tgz",
      "integrity": "sha512-8CWXXZdOvVrIL4SeY/Gnp+idxxiGK4XFkP4FY26Sx/fpTz/b6vv4BVWELMDzQweSyyhdcuAcU14H6izzB6k1Cw==",
      "requires": {
        "multiformats": "^10.0.0"
      }
    },
    "undici": {
      "version": "5.14.0",
      "resolved": "https://registry.npmjs.org/undici/-/undici-5.14.0.tgz",
      "integrity": "sha512-yJlHYw6yXPPsuOH0x2Ib1Km61vu4hLiRRQoafs+WUgX1vO64vgnxiCEN9dpIrhZyHFsai3F0AEj4P9zy19enEQ==",
      "requires": {
        "busboy": "^1.6.0"
      }
    },
    "varint": {
      "version": "6.0.0",
      "resolved": "https://registry.npmjs.org/varint/-/varint-6.0.0.tgz",
      "integrity": "sha512-cXEIW6cfr15lFv563k4GuVuW/fiwjknytD37jIOLSdSWuOI6WnO/oKwmP2FQTU2l01LP8/M5TSAJpzUaGe3uWg=="
    }
  }
}
